
Microsoft Visual Studio Solution File, Format Version 12.00
# Visual Studio Version 17
VisualStudioVersion = 17.5.33516.290
MinimumVisualStudioVersion = 10.0.40219.1
Project("{FAE04EC0-301F-11D3-BF4B-00C04F79EFBC}") = "Ejercicio18a.Consola", "Ejercicio18a.Consola\Ejercicio18a.Consola.csproj", "{AE8CC81A-2342-4AAA-8607-45C258EC86C1}"
EndProject
Global
	GlobalSection(SolutionConfigurationPlatforms) = preSolution
		Debug|Any CPU = Debug|Any CPU
		Release|Any CPU = Release|Any CPU
	EndGlobalSection
	GlobalSection(ProjectConfigurationPlatforms) = postSolution
		{AE8CC81A-2342-4AAA-8607-45C258EC86C1}.Debug|Any CPU.ActiveCfg = Debug|Any CPU
		{AE8CC81A-2342-4AAA-8607-45C258EC86C1}.Debug|Any CPU.Build.0 = Debug|Any CPU
		{AE8CC81A-2342-4AAA-8607-45C258EC86C1}.Release|Any CPU.ActiveCfg = Release|Any CPU
		{AE8CC81A-2342-4AAA-8607-45C258EC86C1}.Release|Any CPU.Build.0 = Release|Any CPU
	EndGlobalSection
	GlobalSection(SolutionProperties) = preSolution
		HideSolutionNode = FALSE
	EndGlobalSection
	GlobalSection(ExtensibilityGlobals) = postSolution
		SolutionGuid = {246B5E16-2F85-4267-9DA6-B1DBB199AF03}
	EndGlobalSection
EndGlobal
